bitbucket.org/creachadair/stringset v0.0.14 h1:t1ejQyf8utS4GZV/4fM+1gvYucggZkfhb+tMobDxYOE=
bitbucket.org/creachadair/stringset v0.0.14/go.mod h1:Ej8fsr6rQvmeMDf6CCWMWGb14H9mz8kmDgPPTdiVT0w=
github.com/hillu/go-yara/v4 v4.3.3 h1:O+7iYTZK20fzsXiJyvA0d529RTdnZCrgS6HdE0O7BMg=
github.com/hillu/go-yara/v4 v4.3.3/go.mod h1:AHEs/FXVMQKVVlT6iG9d+q1BRr0gq0WoAWZQaZ0gS7s=
github.com/jimbertools/volmgmt v0.0.0-20240809131335-b54f62d194e4 h1:qjufqFqcVexUIUMLSJrfdFZ8B2tWvqsjDAWzM5ZxBRY=
github.com/jimbertools/volmgmt v0.0.0-20240809131335-b54f62d194e4/go.mod h1:8AgPOPuSQA64KC41IrXkuWWcW0jr+gveFnuml/gCttw=
golang.org/x/sync v0.8.0 h1:3NFvSEYkUoMifnESzZl15y791HH1qU2xm6eCJU5ZPXQ=
golang.org/x/sync v0.8.0/go.mod h1:Czt+wKu1gCyEFDUtn0jG5QVvpJ6rzVqr5aXyt9drQfk=
golang.org/x/sys v0.6.0 h1:MVltZSvRTcU2ljQOhs94SXPftV6DCNnZViHeQps87pQ=
golang.org/x/sys v0.6.0/go.mod h1:oPkhp1MJrh7nUepCBck5+mAzfO9JrbApNNgaTdGDITg=
